# This file is automatically @generated by Cargo.
# It is not intended for manual editing.
version = 3

[[package]]
name = "crypt"
version = "0.1.0"
source = "registry+https://github.com/rust-lang/crates.io-index"
checksum = "fbb46a0a0ef6a70d7fd7ee3001fbeb3ec0e4876bdc89af9537e3f7186f1eaefb"

[[package]]
name = "password_generator"
version = "0.1.0"
dependencies = [
 "crypt",
]
